// !$*UTF8*$!
{
	archiveVersion = 1;
	classes = {
	};
	objectVersion = 77;
	objects = {

/* Begin PBXContainerItemProxy section */
		8CE47A082DEB1DBA00B6D4D9 /* PBXContainerItemProxy */ = {
			isa = PBXContainerItemProxy;
			containerPortal = 8CE479F12DEB1DB800B6D4D9 /* Project object */;
			proxyType = 1;
			remoteGlobalIDString = 8CE479F82DEB1DB800B6D4D9;
			remoteInfo = Clipist;
		};
		8CE47A122DEB1DBA00B6D4D9 /* PBXContainerItemProxy */ = {
			isa = PBXContainerItemProxy;
			containerPortal = 8CE479F12DEB1DB800B6D4D9 /* Project object */;
			proxyType = 1;
			remoteGlobalIDString = 8CE479F82DEB1DB800B6D4D9;
			remoteInfo = Clipist;
		};
/* End PBXContainerItemProxy section */

/* Begin PBXFileReference section */
		8CE479F92DEB1DB800B6D4D9 /* Clipist.app */ = {isa = PBXFileReference; explicitFileType = wrapper.application; includeInIndex = 0; path = Clipist.app; sourceTree = BUILT_PRODUCTS_DIR; };
		8CE47A072DEB1DBA00B6D4D9 /* ClipistTests.xctest */ = {isa = PBXFileReference; explicitFileType = wrapper.cfbundle; includeInIndex = 0; path = ClipistTests.xctest; sourceTree = BUILT_PRODUCTS_DIR; };
		8CE47A112DEB1DBA00B6D4D9 /* ClipistUITests.xctest */ = {isa = PBXFileReference; explicitFileType = wrapper.cfbundle; includeInIndex = 0; path = ClipistUITests.xctest; sourceTree = BUILT_PRODUCTS_DIR; };
		8CE47A242DEB1E0400B6D4D9 /* info.plist */ = {isa = PBXFileReference; lastKnownFileType = text.plist.xml; path = info.plist; sourceTree = "<group>"; };
/* End PBXFileReference section */

/* Begin PBXFileSystemSynchronizedRootGroup section */
		8CE479FB2DEB1DB800B6D4D9 /* Clipist */ = {
			isa = PBXFileSystemSynchronizedRootGroup;
			path = Clipist;
			sourceTree = "<group>";
		};
		8CE47A0A2DEB1DBA00B6D4D9 /* ClipistTests */ = {
			isa = PBXFileSystemSynchronizedRootGroup;
			path = ClipistTests;
			sourceTree = "<group>";
		};
		8CE47A142DEB1DBA00B6D4D9 /* ClipistUITests */ = {
			isa = PBXFileSystemSynchronizedRootGroup;
			path = ClipistUITests;
			sourceTree = "<group>";
		};
/* End PBXFileSystemSynchronizedRootGroup section */

/* Begin PBXFrameworksBuildPhase section */
		8CE479F62DEB1DB800B6D4D9 /* Frameworks */ = {
			isa = PBXFrameworksBuildPhase;
			buildActionMask = 2147483647;
			files = (
			);
			runOnlyForDeploymentPostprocessing = 0;
		};
		8CE47A042DEB1DBA00B6D4D9 /* Frameworks */ = {
			isa = PBXFrameworksBuildPhase;
			buildActionMask = 2147483647;
			files = (
			);
			runOnlyForDeploymentPostprocessing = 0;
		};
		8CE47A0E2DEB1DBA00B6D4D9 /* Frameworks */ = {
			isa = PBXFrameworksBuildPhase;
			buildActionMask = 2147483647;
			files = (
			);
			runOnlyForDeploymentPostprocessing = 0;
		};
/* End PBXFrameworksBuildPhase section */

/* Begin PBXGroup section */
		8CE479F02DEB1DB800B6D4D9 = {
			isa = PBXGroup;
			children = (
				8CE479FB2DEB1DB800B6D4D9 /* Clipist */,
				8CE47A0A2DEB1DBA00B6D4D9 /* ClipistTests */,
				8CE47A142DEB1DBA00B6D4D9 /* ClipistUITests */,
				8CE479FA2DEB1DB800B6D4D9 /* Products */,
				8CE47A242DEB1E0400B6D4D9 /* info.plist */,
			);
			sourceTree = "<group>";
		};
		8CE479FA2DEB1DB800B6D4D9 /* Products */ = {
			isa = PBXGroup;
			children = (
				8CE479F92DEB1DB800B6D4D9 /* Clipist.app */,
				8CE47A072DEB1DBA00B6D4D9 /* ClipistTests.xctest */,
				8CE47A112DEB1DBA00B6D4D9 /* ClipistUITests.xctest */,
			);
			name = Products;
			sourceTree = "<group>";
		};
/* End PBXGroup section */

/* Begin PBXNativeTarget section */
		8CE479F82DEB1DB800B6D4D9 /* Clipist */ = {
			isa = PBXNativeTarget;
			buildConfigurationList = 8CE47A1B2DEB1DBA00B6D4D9 /* Build configuration list for PBXNativeTarget "Clipist" */;
			buildPhases = (
				8CE479F52DEB1DB800B6D4D9 /* Sources */,
				8CE479F62DEB1DB800B6D4D9 /* Frameworks */,
				8CE479F72DEB1DB800B6D4D9 /* Resources */,
			);
			buildRules = (
			);
			dependencies = (
			);
			fileSystemSynchronizedGroups = (
				8CE479FB2DEB1DB800B6D4D9 /* Clipist */,
			);
			name = Clipist;
			packageProductDependencies = (
			);
			productName = Clipist;
			productReference = 8CE479F92DEB1DB800B6D4D9 /* Clipist.app */;
			productType = "com.apple.product-type.application";
		};
		8CE47A062DEB1DBA00B6D4D9 /* ClipistTests */ = {
			isa = PBXNativeTarget;
			buildConfigurationList = 8CE47A1E2DEB1DBA00B6D4D9 /* Build configuration list for PBXNativeTarget "ClipistTests" */;
			buildPhases = (
				8CE47A032DEB1DBA00B6D4D9 /* Sources */,
				8CE47A042DEB1DBA00B6D4D9 /* Frameworks */,
				8CE47A052DEB1DBA00B6D4D9 /* Resources */,
			);
			buildRules = (
			);
			dependencies = (
				8CE47A092DEB1DBA00B6D4D9 /* PBXTargetDependency */,
			);
			fileSystemSynchronizedGroups = (
				8CE47A0A2DEB1DBA00B6D4D9 /* ClipistTests */,
			);
			name = ClipistTests;
			packageProductDependencies = (
			);
			productName = ClipistTests;
			productReference = 8CE47A072DEB1DBA00B6D4D9 /* ClipistTests.xctest */;
			productType = "com.apple.product-type.bundle.unit-test";
		};
		8CE47A102DEB1DBA00B6D4D9 /* ClipistUITests */ = {
			isa = PBXNativeTarget;
			buildConfigurationList = 8CE47A212DEB1DBA00B6D4D9 /* Build configuration list for PBXNativeTarget "ClipistUITests" */;
			buildPhases = (
				8CE47A0D2DEB1DBA00B6D4D9 /* Sources */,
				8CE47A0E2DEB1DBA00B6D4D9 /* Frameworks */,
				8CE47A0F2DEB1DBA00B6D4D9 /* Resources */,
			);
			buildRules = (
			);
			dependencies = (
				8CE47A132DEB1DBA00B6D4D9 /* PBXTargetDependency */,
			);
			fileSystemSynchronizedGroups = (
				8CE47A142DEB1DBA00B6D4D9 /* ClipistUITests */,
			);
			name = ClipistUITests;
			packageProductDependencies = (
			);
			productName = ClipistUITests;
			productReference = 8CE47A112DEB1DBA00B6D4D9 /* ClipistUITests.xctest */;
			productType = "com.apple.product-type.bundle.ui-testing";
		};
/* End PBXNativeTarget section */

/* Begin PBXProject section */
		8CE479F12DEB1DB800B6D4D9 /* Project object */ = {
			isa = PBXProject;
			attributes = {
				BuildIndependentTargetsInParallel = 1;
				LastSwiftUpdateCheck = 1630;
				LastUpgradeCheck = 1630;
				TargetAttributes = {
					8CE479F82DEB1DB800B6D4D9 = {
						CreatedOnToolsVersion = 16.3;
					};
					8CE47A062DEB1DBA00B6D4D9 = {
						CreatedOnToolsVersion = 16.3;
						TestTargetID = 8CE479F82DEB1DB800B6D4D9;
					};
					8CE47A102DEB1DBA00B6D4D9 = {
						CreatedOnToolsVersion = 16.3;
						TestTargetID = 8CE479F82DEB1DB800B6D4D9;
					};
				};
			};
			buildConfigurationList = 8CE479F42DEB1DB800B6D4D9 /* Build configuration list for PBXProject "Clipist" */;
			developmentRegion = en;
			hasScannedForEncodings = 0;
			knownRegions = (
				en,
				Base,
			);
			mainGroup = 8CE479F02DEB1DB800B6D4D9;
			minimizedProjectReferenceProxies = 1;
			preferredProjectObjectVersion = 77;
			productRefGroup = 8CE479FA2DEB1DB800B6D4D9 /* Products */;
			projectDirPath = "";
			projectRoot = "";
			targets = (
				8CE479F82DEB1DB800B6D4D9 /* Clipist */,
				8CE47A062DEB1DBA00B6D4D9 /* ClipistTests */,
				8CE47A102DEB1DBA00B6D4D9 /* ClipistUITests */,
			);
		};
/* End PBXProject section */

/* Begin PBXResourcesBuildPhase section */
		8CE479F72DEB1DB800B6D4D9 /* Resources */ = {
			isa = PBXResourcesBuildPhase;
			buildActionMask = 2147483647;
			files = (
			);
			runOnlyForDeploymentPostprocessing = 0;
		};
		8CE47A052DEB1DBA00B6D4D9 /* Resources */ = {
			isa = PBXResourcesBuildPhase;
			buildActionMask = 2147483647;
			files = (
			);
			runOnlyForDeploymentPostprocessing = 0;
		};
		8CE47A0F2DEB1DBA00B6D4D9 /* Resources */ = {
			isa = PBXResourcesBuildPhase;
			buildActionMask = 2147483647;
			files = (
			);
			runOnlyForDeploymentPostprocessing = 0;
		};
/* End PBXResourcesBuildPhase section */

/* Begin PBXSourcesBuildPhase section */
		8CE479F52DEB1DB800B6D4D9 /* Sources */ = {
			isa = PBXSourcesBuildPhase;
			buildActionMask = 2147483647;
			files = (
			);
			runOnlyForDeploymentPostprocessing = 0;
		};
		8CE47A032DEB1DBA00B6D4D9 /* Sources */ = {
			isa = PBXSourcesBuildPhase;
			buildActionMask = 2147483647;
			files = (
			);
			runOnlyForDeploymentPostprocessing = 0;
		};
		8CE47A0D2DEB1DBA00B6D4D9 /* Sources */ = {
			isa = PBXSourcesBuildPhase;
			buildActionMask = 2147483647;
			files = (
			);
			runOnlyForDeploymentPostprocessing = 0;
		};
/* End PBXSourcesBuildPhase section */

/* Begin PBXTargetDependency section */
		8CE47A092DEB1DBA00B6D4D9 /* PBXTargetDependency */ = {
			isa = PBXTargetDependency;
			target = 8CE479F82DEB1DB800B6D4D9 /* Clipist */;
			targetProxy = 8CE47A082DEB1DBA00B6D4D9 /* PBXContainerItemProxy */;
		};
		8CE47A132DEB1DBA00B6D4D9 /* PBXTargetDependency */ = {
			isa = PBXTargetDependency;
			target = 8CE479F82DEB1DB800B6D4D9 /* Clipist */;
			targetProxy = 8CE47A122DEB1DBA00B6D4D9 /* PBXContainerItemProxy */;
		};
/* End PBXTargetDependency section */

/* Begin XCBuildConfiguration section */
		8CE47A192DEB1DBA00B6D4D9 /* Debug */ = {
			isa = XCBuildConfiguration;
			buildSettings = {
				ALWAYS_SEARCH_USER_PATHS = NO;
				ASSETCATALOG_COMPILER_GENERATE_SWIFT_ASSET_SYMBOL_EXTENSIONS = YES;
				CLANG_ANALYZER_NONNULL = YES;
				CLANG_ANALYZER_NUMBER_OBJECT_CONVERSION = YES_AGGRESSIVE;
				CLANG_CXX_LANGUAGE_STANDARD = "gnu++20";
				CLANG_ENABLE_MODULES = YES;
				CLANG_ENABLE_OBJC_ARC = YES;
				CLANG_ENABLE_OBJC_WEAK = YES;
				CLANG_WARN_BLOCK_CAPTURE_AUTORELEASING = YES;
				CLANG_WARN_BOOL_CONVERSION = YES;
				CLANG_WARN_COMMA = YES;
				CLANG_WARN_CONSTANT_CONVERSION = YES;
				CLANG_WARN_DEPRECATED_OBJC_IMPLEMENTATIONS = YES;
				CLANG_WARN_DIRECT_OBJC_ISA_USAGE = YES_ERROR;
				CLANG_WARN_DOCUMENTATION_COMMENTS = YES;
				CLANG_WARN_EMPTY_BODY = YES;
				CLANG_WARN_ENUM_CONVERSION = YES;
				CLANG_WARN_INFINITE_RECURSION = YES;
				CLANG_WARN_INT_CONVERSION = YES;
				CLANG_WARN_NON_LITERAL_NULL_CONVERSION = YES;
				CLANG_WARN_OBJC_IMPLICIT_RETAIN_SELF = YES;
				CLANG_WARN_OBJC_LITERAL_CONVERSION = YES;
				CLANG_WARN_OBJC_ROOT_CLASS = YES_ERROR;
				CLANG_WARN_QUOTED_INCLUDE_IN_FRAMEWORK_HEADER = YES;
				CLANG_WARN_RANGE_LOOP_ANALYSIS = YES;
				CLANG_WARN_STRICT_PROTOTYPES = YES;
				CLANG_WARN_SUSPICIOUS_MOVE = YES;
				CLANG_WARN_UNGUARDED_AVAILABILITY = YES_AGGRESSIVE;
				CLANG_WARN_UNREACHABLE_CODE = YES;
				CLANG_WARN__DUPLICATE_METHOD_MATCH = YES;
				COPY_PHASE_STRIP = NO;
				DEBUG_INFORMATION_FORMAT = dwarf;
				DEVELOPMENT_TEAM = 8FX8D4PPLU;
				ENABLE_STRICT_OBJC_MSGSEND = YES;
				ENABLE_TESTABILITY = YES;
				ENABLE_USER_SCRIPT_SANDBOXING = YES;
				GCC_C_LANGUAGE_STANDARD = gnu17;
				GCC_DYNAMIC_NO_PIC = NO;
				GCC_NO_COMMON_BLOCKS = YES;
				GCC_OPTIMIZATION_LEVEL = 0;
				GCC_PREPROCESSOR_DEFINITIONS = (
					"DEBUG=1",
					"$(inherited)",
				);
				GCC_WARN_64_TO_32_BIT_CONVERSION = YES;
				GCC_WARN_ABOUT_RETURN_TYPE = YES_ERROR;
				GCC_WARN_UNDECLARED_SELECTOR = YES;
				GCC_WARN_UNINITIALIZED_AUTOS = YES_AGGRESSIVE;
				GCC_WARN_UNUSED_FUNCTION = YES;
				GCC_WARN_UNUSED_VARIABLE = YES;
				LOCALIZATION_PREFERS_STRING_CATALOGS = YES;
				MACOSX_DEPLOYMENT_TARGET = 15.4;
				MTL_ENABLE_DEBUG_INFO = INCLUDE_SOURCE;
				MTL_FAST_MATH = YES;
				ONLY_ACTIVE_ARCH = YES;
				SDKROOT = macosx;
				SWIFT_ACTIVE_COMPILATION_CONDITIONS = "DEBUG $(inherited)";
				SWIFT_OPTIMIZATION_LEVEL = "-Onone";
			};
			name = Debug;
		};
		8CE47A1A2DEB1DBA00B6D4D9 /* Release */ = {
			isa = XCBuildConfiguration;
			buildSettings = {
				ALWAYS_SEARCH_USER_PATHS = NO;
				ASSETCATALOG_COMPILER_GENERATE_SWIFT_ASSET_SYMBOL_EXTENSIONS = YES;
				CLANG_ANALYZER_NONNULL = YES;
				CLANG_ANALYZER_NUMBER_OBJECT_CONVERSION = YES_AGGRESSIVE;
				CLANG_CXX_LANGUAGE_STANDARD = "gnu++20";
				CLANG_ENABLE_MODULES = YES;
				CLANG_ENABLE_OBJC_ARC = YES;
				CLANG_ENABLE_OBJC_WEAK = YES;
				CLANG_WARN_BLOCK_CAPTURE_AUTORELEASING = YES;
				CLANG_WARN_BOOL_CONVERSION = YES;
				CLANG_WARN_COMMA = YES;
				CLANG_WARN_CONSTANT_CONVERSION = YES;
				CLANG_WARN_DEPRECATED_OBJC_IMPLEMENTATIONS = YES;
				CLANG_WARN_DIRECT_OBJC_ISA_USAGE = YES_ERROR;
				CLANG_WARN_DOCUMENTATION_COMMENTS = YES;
				CLANG_WARN_EMPTY_BODY = YES;
				CLANG_WARN_ENUM_CONVERSION = YES;
				CLANG_WARN_INFINITE_RECURSION = YES;
				CLANG_WARN_INT_CONVERSION = YES;
				CLANG_WARN_NON_LITERAL_NULL_CONVERSION = YES;
				CLANG_WARN_OBJC_IMPLICIT_RETAIN_SELF = YES;
				CLANG_WARN_OBJC_LITERAL_CONVERSION = YES;
				CLANG_WARN_OBJC_ROOT_CLASS = YES_ERROR;
				CLANG_WARN_QUOTED_INCLUDE_IN_FRAMEWORK_HEADER = YES;
				CLANG_WARN_RANGE_LOOP_ANALYSIS = YES;
				CLANG_WARN_STRICT_PROTOTYPES = YES;
				CLANG_WARN_SUSPICIOUS_MOVE = YES;
				CLANG_WARN_UNGUARDED_AVAILABILITY = YES_AGGRESSIVE;
				CLANG_WARN_UNREACHABLE_CODE = YES;
				CLANG_WARN__DUPLICATE_METHOD_MATCH = YES;
				COPY_PHASE_STRIP = NO;
				DEBUG_INFORMATION_FORMAT = "dwarf-with-dsym";
				DEVELOPMENT_TEAM = 8FX8D4PPLU;
				ENABLE_NS_ASSERTIONS = NO;
				ENABLE_STRICT_OBJC_MSGSEND = YES;
				ENABLE_USER_SCRIPT_SANDBOXING = YES;
				GCC_C_LANGUAGE_STANDARD = gnu17;
				GCC_NO_COMMON_BLOCKS = YES;
				GCC_WARN_64_TO_32_BIT_CONVERSION = YES;
				GCC_WARN_ABOUT_RETURN_TYPE = YES_ERROR;
				GCC_WARN_UNDECLARED_SELECTOR = YES;
				GCC_WARN_UNINITIALIZED_AUTOS = YES_AGGRESSIVE;
				GCC_WARN_UNUSED_FUNCTION = YES;
				GCC_WARN_UNUSED_VARIABLE = YES;
				LOCALIZATION_PREFERS_STRING_CATALOGS = YES;
				MACOSX_DEPLOYMENT_TARGET = 15.4;
				MTL_ENABLE_DEBUG_INFO = NO;
				MTL_FAST_MATH = YES;
				SDKROOT = macosx;
				SWIFT_COMPILATION_MODE = wholemodule;
			};
			name = Release;
		};
		8CE47A1C2DEB1DBA00B6D4D9 /* Debug */ = {
			isa = XCBuildConfiguration;
			buildSettings = {
				ASSETCATALOG_COMPILER_APPICON_NAME = AppIcon;
				ASSETCATALOG_COMPILER_GLOBAL_ACCENT_COLOR_NAME = AccentColor;
				ASSETCATALOG_COMPILER_INCLUDE_ALL_APPICON_ASSETS = YES;
				CODE_SIGN_ENTITLEMENTS = Clipist/Clipist.entitlements;
				"CODE_SIGN_IDENTITY[sdk=macosx*]" = "Apple Development";
				CODE_SIGN_STYLE = Automatic;
				COMBINE_HIDPI_IMAGES = YES;
				CURRENT_PROJECT_VERSION = 5;
				DEVELOPMENT_TEAM = 8FX8D4PPLU;
				ENABLE_HARDENED_RUNTIME = YES;
				ENABLE_PREVIEWS = YES;
				GENERATE_INFOPLIST_FILE = YES;
				INFOPLIST_KEY_CFBundleDisplayName = Clipist;
				INFOPLIST_KEY_LSApplicationCategoryType = "public.app-category.productivity";
				INFOPLIST_KEY_NSHumanReadableCopyright = "";
				LD_RUNPATH_SEARCH_PATHS = (
					"$(inherited)",
					"@executable_path/../Frameworks",
				);
				MACOSX_DEPLOYMENT_TARGET = 15.0;
				MARKETING_VERSION = 1.2;
				PRODUCT_BUNDLE_IDENTIFIER = io.clipist.Clipist;
				PRODUCT_NAME = "$(TARGET_NAME)";
				REGISTER_APP_GROUPS = YES;
				SWIFT_EMIT_LOC_STRINGS = YES;
				SWIFT_VERSION = 5.0;
			};
			name = Debug;
		};
		8CE47A1D2DEB1DBA00B6D4D9 /* Release */ = {
			isa = XCBuildConfiguration;
			buildSettings = {
				ASSETCATALOG_COMPILER_APPICON_NAME = AppIcon;
				ASSETCATALOG_COMPILER_GLOBAL_ACCENT_COLOR_NAME = AccentColor;
				ASSETCATALOG_COMPILER_INCLUDE_ALL_APPICON_ASSETS = YES;
				CODE_SIGN_ENTITLEMENTS = Clipist/Clipist.entitlements;
				"CODE_SIGN_IDENTITY[sdk=macosx*]" = "Apple Development";
				CODE_SIGN_STYLE = Automatic;
				COMBINE_HIDPI_IMAGES = YES;
				CURRENT_PROJECT_VERSION = 5;
				DEVELOPMENT_TEAM = 8FX8D4PPLU;
				ENABLE_HARDENED_RUNTIME = YES;
				ENABLE_PREVIEWS = YES;
				GENERATE_INFOPLIST_FILE = YES;
				INFOPLIST_KEY_CFBundleDisplayName = Clipist;
				INFOPLIST_KEY_LSApplicationCategoryType = "public.app-category.productivity";
				INFOPLIST_KEY_NSHumanReadableCopyright = "";
				LD_RUNPATH_SEARCH_PATHS = (
					"$(inherited)",
					"@executable_path/../Frameworks",
				);
				MACOSX_DEPLOYMENT_TARGET = 15.0;
				MARKETING_VERSION = 1.2;
				PRODUCT_BUNDLE_IDENTIFIER = io.clipist.Clipist;
				PRODUCT_NAME = "$(TARGET_NAME)";
				REGISTER_APP_GROUPS = YES;
				SWIFT_EMIT_LOC_STRINGS = YES;
				SWIFT_VERSION = 5.0;
			};
			name = Release;
		};
		8CE47A1F2DEB1DBA00B6D4D9 /* Debug */ = {
			isa = XCBuildConfiguration;
			buildSettings = {
				BUNDLE_LOADER = "$(TEST_HOST)";
				CODE_SIGN_STYLE = Automatic;
				CURRENT_PROJECT_VERSION = 1;
				DEVELOPMENT_TEAM = 8FX8D4PPLU;
				GENERATE_INFOPLIST_FILE = YES;
				MACOSX_DEPLOYMENT_TARGET = 15.4;
				MARKETING_VERSION = 1.0;
				PRODUCT_BUNDLE_IDENTIFIER = AF.ClipistTests;
				PRODUCT_NAME = "$(TARGET_NAME)";
				SWIFT_EMIT_LOC_STRINGS = NO;
				SWIFT_VERSION = 5.0;
				TEST_HOST = "$(BUILT_PRODUCTS_DIR)/Clipist.app/$(BUNDLE_EXECUTABLE_FOLDER_PATH)/Clipist";
			};
			name = Debug;
		};
		8CE47A202DEB1DBA00B6D4D9 /* Release */ = {
			isa = XCBuildConfiguration;
			buildSettings = {
				BUNDLE_LOADER = "$(TEST_HOST)";
				CODE_SIGN_STYLE = Automatic;
				CURRENT_PROJECT_VERSION = 1;
				DEVELOPMENT_TEAM = 8FX8D4PPLU;
				GENERATE_INFOPLIST_FILE = YES;
				MACOSX_DEPLOYMENT_TARGET = 15.4;
				MARKETING_VERSION = 1.0;
				PRODUCT_BUNDLE_IDENTIFIER = AF.ClipistTests;
				PRODUCT_NAME = "$(TARGET_NAME)";
				SWIFT_EMIT_LOC_STRINGS = NO;
				SWIFT_VERSION = 5.0;
				TEST_HOST = "$(BUILT_PRODUCTS_DIR)/Clipist.app/$(BUNDLE_EXECUTABLE_FOLDER_PATH)/Clipist";
			};
			name = Release;
		};
		8CE47A222DEB1DBA00B6D4D9 /* Debug */ = {
			isa = XCBuildConfiguration;
			buildSettings = {
				CODE_SIGN_STYLE = Automatic;
				CURRENT_PROJECT_VERSION = 1;
				DEVELOPMENT_TEAM = 8FX8D4PPLU;
				GENERATE_INFOPLIST_FILE = YES;
				MARKETING_VERSION = 1.0;
				PRODUCT_BUNDLE_IDENTIFIER = AF.ClipistUITests;
				PRODUCT_NAME = "$(TARGET_NAME)";
				SWIFT_EMIT_LOC_STRINGS = NO;
				SWIFT_VERSION = 5.0;
				TEST_TARGET_NAME = Clipist;
			};
			name = Debug;
		};
		8CE47A232DEB1DBA00B6D4D9 /* Release */ = {
			isa = XCBuildConfiguration;
			buildSettings = {
				CODE_SIGN_STYLE = Automatic;
				CURRENT_PROJECT_VERSION = 1;
				DEVELOPMENT_TEAM = 8FX8D4PPLU;
				GENERATE_INFOPLIST_FILE = YES;
				MARKETING_VERSION = 1.0;
				PRODUCT_BUNDLE_IDENTIFIER = AF.ClipistUITests;
				PRODUCT_NAME = "$(TARGET_NAME)";
				SWIFT_EMIT_LOC_STRINGS = NO;
				SWIFT_VERSION = 5.0;
				TEST_TARGET_NAME = Clipist;
			};
			name = Release;
		};
/* End XCBuildConfiguration section */

/* Begin XCConfigurationList section */
		8CE479F42DEB1DB800B6D4D9 /* Build configuration list for PBXProject "Clipist" */ = {
			isa = XCConfigurationList;
			buildConfigurations = (
				8CE47A192DEB1DBA00B6D4D9 /* Debug */,
				8CE47A1A2DEB1DBA00B6D4D9 /* Release */,
			);
			defaultConfigurationIsVisible = 0;
			defaultConfigurationName = Release;
		};
		8CE47A1B2DEB1DBA00B6D4D9 /* Build configuration list for PBXNativeTarget "Clipist" */ = {
			isa = XCConfigurationList;
			buildConfigurations = (
				8CE47A1C2DEB1DBA00B6D4D9 /* Debug */,
				8CE47A1D2DEB1DBA00B6D4D9 /* Release */,
			);
			defaultConfigurationIsVisible = 0;
			defaultConfigurationName = Release;
		};
		8CE47A1E2DEB1DBA00B6D4D9 /* Build configuration list for PBXNativeTarget "ClipistTests" */ = {
			isa = XCConfigurationList;
			buildConfigurations = (
				8CE47A1F2DEB1DBA00B6D4D9 /* Debug */,
				8CE47A202DEB1DBA00B6D4D9 /* Release */,
			);
			defaultConfigurationIsVisible = 0;
			defaultConfigurationName = Release;
		};
		8CE47A212DEB1DBA00B6D4D9 /* Build configuration list for PBXNativeTarget "ClipistUITests" */ = {
			isa = XCConfigurationList;
			buildConfigurations = (
				8CE47A222DEB1DBA00B6D4D9 /* Debug */,
				8CE47A232DEB1DBA00B6D4D9 /* Release */,
			);
			defaultConfigurationIsVisible = 0;
			defaultConfigurationName = Release;
		};
/* End XCConfigurationList section */
	};
	rootObject = 8CE479F12DEB1DB800B6D4D9 /* Project object */;
}
